
Microsoft Visual Studio Solution File, Format Version 12.00
# Visual Studio Version 17
VisualStudioVersion = 17.9.34701.34
MinimumVisualStudioVersion = 10.0.40219.1
Project("{FAE04EC0-301F-11D3-BF4B-00C04F79EFBC}") = "HelloWorldWinform", "HelloWorldWinform\HelloWorldWinform.csproj", "{51CFF8F5-7450-475C-80DD-4F36084CD48A}"
EndProject
Global
	GlobalSection(SolutionConfigurationPlatforms) = preSolution
		Debug|Any CPU = Debug|Any CPU
		Release|Any CPU = Release|Any CPU
	EndGlobalSection
	GlobalSection(ProjectConfigurationPlatforms) = postSolution
		{51CFF8F5-7450-475C-80DD-4F36084CD48A}.Debug|Any CPU.ActiveCfg = Debug|Any CPU
		{51CFF8F5-7450-475C-80DD-4F36084CD48A}.Debug|Any CPU.Build.0 = Debug|Any CPU
		{51CFF8F5-7450-475C-80DD-4F36084CD48A}.Release|Any CPU.ActiveCfg = Release|Any CPU
		{51CFF8F5-7450-475C-80DD-4F36084CD48A}.Release|Any CPU.Build.0 = Release|Any CPU
	EndGlobalSection
	GlobalSection(SolutionProperties) = preSolution
		HideSolutionNode = FALSE
	EndGlobalSection
	GlobalSection(ExtensibilityGlobals) = postSolution
		SolutionGuid = {72A72A3D-E9FA-4BBA-842E-6A71DDA54E46}
	EndGlobalSection
EndGlobal
